
Microsoft Visual Studio Solution File, Format Version 12.00
# Visual Studio Version 17
VisualStudioVersion = 17.5.002.0
MinimumVisualStudioVersion = 10.0.40219.1
Project("{9A19103F-16F7-4668-BE54-9A1E7A4F7556}") = "simple-arithmetic-Yosgart-Garcia-Student", "simple-arithmetic-Yosgart-Garcia-Student.csproj", "{7C5C6F2A-7D3C-414E-A4AB-71828F05D31D}"
EndProject
Global
	GlobalSection(SolutionConfigurationPlatforms) = preSolution
		Debug|Any CPU = Debug|Any CPU
		Release|Any CPU = Release|Any CPU
	EndGlobalSection
	GlobalSection(ProjectConfigurationPlatforms) = postSolution
		{7C5C6F2A-7D3C-414E-A4AB-71828F05D31D}.Debug|Any CPU.ActiveCfg = Debug|Any CPU
		{7C5C6F2A-7D3C-414E-A4AB-71828F05D31D}.Debug|Any CPU.Build.0 = Debug|Any CPU
		{7C5C6F2A-7D3C-414E-A4AB-71828F05D31D}.Release|Any CPU.ActiveCfg = Release|Any CPU
		{7C5C6F2A-7D3C-414E-A4AB-71828F05D31D}.Release|Any CPU.Build.0 = Release|Any CPU
	EndGlobalSection
	GlobalSection(SolutionProperties) = preSolution
		HideSolutionNode = FALSE
	EndGlobalSection
	GlobalSection(ExtensibilityGlobals) = postSolution
		SolutionGuid = {D6B760C8-8003-42AE-9A86-A099EC407537}
	EndGlobalSection
EndGlobal
